
Microsoft Visual Studio Solution File, Format Version 12.00
# Visual Studio Version 17
VisualStudioVersion = 17.4.33213.308
MinimumVisualStudioVersion = 10.0.40219.1
Project("{9A19103F-16F7-4668-BE54-9A1E7A4F7556}") = "FigureLib", "FigureLib\FigureLib.csproj", "{F3CC7032-19B2-4C56-95F4-02955BD9B60B}"
EndProject
Project("{FAE04EC0-301F-11D3-BF4B-00C04F79EFBC}") = "FigureLib.Tests", "FigureLib.Tests\FigureLib.Tests.csproj", "{33D45D4D-C43D-4DD5-82DF-AC4A4594B01C}"
EndProject
Global
	GlobalSection(SolutionConfigurationPlatforms) = preSolution
		Debug|Any CPU = Debug|Any CPU
		Release|Any CPU = Release|Any CPU
	EndGlobalSection
	GlobalSection(ProjectConfigurationPlatforms) = postSolution
		{F3CC7032-19B2-4C56-95F4-02955BD9B60B}.Debug|Any CPU.ActiveCfg = Debug|Any CPU
		{F3CC7032-19B2-4C56-95F4-02955BD9B60B}.Debug|Any CPU.Build.0 = Debug|Any CPU
		{F3CC7032-19B2-4C56-95F4-02955BD9B60B}.Release|Any CPU.ActiveCfg = Release|Any CPU
		{F3CC7032-19B2-4C56-95F4-02955BD9B60B}.Release|Any CPU.Build.0 = Release|Any CPU
		{33D45D4D-C43D-4DD5-82DF-AC4A4594B01C}.Debug|Any CPU.ActiveCfg = Debug|Any CPU
		{33D45D4D-C43D-4DD5-82DF-AC4A4594B01C}.Debug|Any CPU.Build.0 = Debug|Any CPU
		{33D45D4D-C43D-4DD5-82DF-AC4A4594B01C}.Release|Any CPU.ActiveCfg = Release|Any CPU
		{33D45D4D-C43D-4DD5-82DF-AC4A4594B01C}.Release|Any CPU.Build.0 = Release|Any CPU
	EndGlobalSection
	GlobalSection(SolutionProperties) = preSolution
		HideSolutionNode = FALSE
	EndGlobalSection
	GlobalSection(ExtensibilityGlobals) = postSolution
		SolutionGuid = {A7AACEC1-3EA1-4E05-90B2-588DC5E345A7}
	EndGlobalSection
EndGlobal
